
Microsoft Visual Studio Solution File, Format Version 12.00
# Visual Studio Version 17
VisualStudioVersion = 17.1.32319.34
MinimumVisualStudioVersion = 10.0.40219.1
Project("{FAE04EC0-301F-11D3-BF4B-00C04F79EFBC}") = "aae_LayoutComponents_StylesApproach", "aae_LayoutComponents_StylesApproach\aae_LayoutComponents_StylesApproach.csproj", "{22F270A7-362D-4165-B619-4741E98B1176}"
EndProject
Global
	GlobalSection(SolutionConfigurationPlatforms) = preSolution
		Debug|Any CPU = Debug|Any CPU
		Release|Any CPU = Release|Any CPU
	EndGlobalSection
	GlobalSection(ProjectConfigurationPlatforms) = postSolution
		{22F270A7-362D-4165-B619-4741E98B1176}.Debug|Any CPU.ActiveCfg = Debug|Any CPU
		{22F270A7-362D-4165-B619-4741E98B1176}.Debug|Any CPU.Build.0 = Debug|Any CPU
		{22F270A7-362D-4165-B619-4741E98B1176}.Release|Any CPU.ActiveCfg = Release|Any CPU
		{22F270A7-362D-4165-B619-4741E98B1176}.Release|Any CPU.Build.0 = Release|Any CPU
	EndGlobalSection
	GlobalSection(SolutionProperties) = preSolution
		HideSolutionNode = FALSE
	EndGlobalSection
	GlobalSection(ExtensibilityGlobals) = postSolution
		SolutionGuid = {085FD6F0-FB7B-4107-8BE5-8698E44CD35A}
	EndGlobalSection
EndGlobal
